
Microsoft Visual Studio Solution File, Format Version 12.00
# Visual Studio Version 17
VisualStudioVersion = 17.14.36414.22 d17.14
MinimumVisualStudioVersion = 10.0.40219.1
Project("{FAE04EC0-301F-11D3-BF4B-00C04F79EFBC}") = "Nhap_Xuat_Co_Ban", "CS_Basics\Nhap_Xuat_Co_Ban.csproj", "{A7BBFCE1-A2E7-425B-A996-3E3D127394F7}"
EndProject
Project("{FAE04EC0-301F-11D3-BF4B-00C04F79EFBC}") = "Bien_KieuDuLieu", "Bien_KieuDuLieu\Bien_KieuDuLieu.csproj", "{E1E10020-B6FE-4783-B7A9-ECF36CF6A6DD}"
EndProject
Global
	GlobalSection(SolutionConfigurationPlatforms) = preSolution
		Debug|Any CPU = Debug|Any CPU
		Release|Any CPU = Release|Any CPU
	EndGlobalSection
	GlobalSection(ProjectConfigurationPlatforms) = postSolution
		{A7BBFCE1-A2E7-425B-A996-3E3D127394F7}.Debug|Any CPU.ActiveCfg = Debug|Any CPU
		{A7BBFCE1-A2E7-425B-A996-3E3D127394F7}.Debug|Any CPU.Build.0 = Debug|Any CPU
		{A7BBFCE1-A2E7-425B-A996-3E3D127394F7}.Release|Any CPU.ActiveCfg = Release|Any CPU
		{A7BBFCE1-A2E7-425B-A996-3E3D127394F7}.Release|Any CPU.Build.0 = Release|Any CPU
		{E1E10020-B6FE-4783-B7A9-ECF36CF6A6DD}.Debug|Any CPU.ActiveCfg = Debug|Any CPU
		{E1E10020-B6FE-4783-B7A9-ECF36CF6A6DD}.Debug|Any CPU.Build.0 = Debug|Any CPU
		{E1E10020-B6FE-4783-B7A9-ECF36CF6A6DD}.Release|Any CPU.ActiveCfg = Release|Any CPU
		{E1E10020-B6FE-4783-B7A9-ECF36CF6A6DD}.Release|Any CPU.Build.0 = Release|Any CPU
	EndGlobalSection
	GlobalSection(SolutionProperties) = preSolution
		HideSolutionNode = FALSE
	EndGlobalSection
	GlobalSection(ExtensibilityGlobals) = postSolution
		SolutionGuid = {7E004043-2777-43AA-AEBC-C62EE90764FD}
	EndGlobalSection
EndGlobal
